
Microsoft Visual Studio Solution File, Format Version 12.00
# Visual Studio Version 16
VisualStudioVersion = 16.0.32413.511
MinimumVisualStudioVersion = 10.0.40219.1
Project("{9A19103F-16F7-4668-BE54-9A1E7A4F7556}") = "Entities", "Entities\Entities.csproj", "{963E2EEA-83F9-45B2-88E4-C5A2955F79D1}"
EndProject
Project("{FAE04EC0-301F-11D3-BF4B-00C04F79EFBC}") = "Core", "Core\Core.csproj", "{E62C47F8-203A-4D99-9602-8284DE9FF26B}"
EndProject
Project("{FAE04EC0-301F-11D3-BF4B-00C04F79EFBC}") = "Business", "Business\Business.csproj", "{C991A66B-7BFE-46B7-B24A-2C3D3ECAB704}"
EndProject
Project("{FAE04EC0-301F-11D3-BF4B-00C04F79EFBC}") = "DataAccess", "DataAccess\DataAccess.csproj", "{5EEC688B-6BCC-4E04-A0C9-F8BE367C3BA1}"
EndProject
Project("{FAE04EC0-301F-11D3-BF4B-00C04F79EFBC}") = "WebAPI", "WebAPI\WebAPI.csproj", "{00832157-324B-44FF-B8CF-32D7B9DAE5AF}"
EndProject
Global
	GlobalSection(SolutionConfigurationPlatforms) = preSolution
		Debug|Any CPU = Debug|Any CPU
		Release|Any CPU = Release|Any CPU
	EndGlobalSection
	GlobalSection(ProjectConfigurationPlatforms) = postSolution
		{963E2EEA-83F9-45B2-88E4-C5A2955F79D1}.Debug|Any CPU.ActiveCfg = Debug|Any CPU
		{963E2EEA-83F9-45B2-88E4-C5A2955F79D1}.Debug|Any CPU.Build.0 = Debug|Any CPU
		{963E2EEA-83F9-45B2-88E4-C5A2955F79D1}.Release|Any CPU.ActiveCfg = Release|Any CPU
		{963E2EEA-83F9-45B2-88E4-C5A2955F79D1}.Release|Any CPU.Build.0 = Release|Any CPU
		{E62C47F8-203A-4D99-9602-8284DE9FF26B}.Debug|Any CPU.ActiveCfg = Debug|Any CPU
		{E62C47F8-203A-4D99-9602-8284DE9FF26B}.Debug|Any CPU.Build.0 = Debug|Any CPU
		{E62C47F8-203A-4D99-9602-8284DE9FF26B}.Release|Any CPU.ActiveCfg = Release|Any CPU
		{E62C47F8-203A-4D99-9602-8284DE9FF26B}.Release|Any CPU.Build.0 = Release|Any CPU
		{C991A66B-7BFE-46B7-B24A-2C3D3ECAB704}.Debug|Any CPU.ActiveCfg = Debug|Any CPU
		{C991A66B-7BFE-46B7-B24A-2C3D3ECAB704}.Debug|Any CPU.Build.0 = Debug|Any CPU
		{C991A66B-7BFE-46B7-B24A-2C3D3ECAB704}.Release|Any CPU.ActiveCfg = Release|Any CPU
		{C991A66B-7BFE-46B7-B24A-2C3D3ECAB704}.Release|Any CPU.Build.0 = Release|Any CPU
		{5EEC688B-6BCC-4E04-A0C9-F8BE367C3BA1}.Debug|Any CPU.ActiveCfg = Debug|Any CPU
		{5EEC688B-6BCC-4E04-A0C9-F8BE367C3BA1}.Debug|Any CPU.Build.0 = Debug|Any CPU
		{5EEC688B-6BCC-4E04-A0C9-F8BE367C3BA1}.Release|Any CPU.ActiveCfg = Release|Any CPU
		{5EEC688B-6BCC-4E04-A0C9-F8BE367C3BA1}.Release|Any CPU.Build.0 = Release|Any CPU
		{00832157-324B-44FF-B8CF-32D7B9DAE5AF}.Debug|Any CPU.ActiveCfg = Debug|Any CPU
		{00832157-324B-44FF-B8CF-32D7B9DAE5AF}.Debug|Any CPU.Build.0 = Debug|Any CPU
		{00832157-324B-44FF-B8CF-32D7B9DAE5AF}.Release|Any CPU.ActiveCfg = Release|Any CPU
		{00832157-324B-44FF-B8CF-32D7B9DAE5AF}.Release|Any CPU.Build.0 = Release|Any CPU
	EndGlobalSection
	GlobalSection(SolutionProperties) = preSolution
		HideSolutionNode = FALSE
	EndGlobalSection
	GlobalSection(ExtensibilityGlobals) = postSolution
		SolutionGuid = {089C0547-913C-4AE9-A5C6-7FAB36A93F1F}
	EndGlobalSection
EndGlobal
